{
  "lockfileVersion": 1,
  "configVersion": 1,
  "workspaces": {
    "": {
      "name": "@cold-forge/firebase-rules",
      "devDependencies": {
        "@firebase/rules-unit-testing": "^5.0.0",
        "firebase": "^12.19.0",
      },
    },
  },
  "packages": {
    "@firebase/ai": ["@firebase/ai@2.16.0", "", { "dependencies": { "@firebase/app-check-interop-types": "0.3.5", "@firebase/component": "0.7.5", "@firebase/logger": "0.5.2", "@firebase/util": "1.15.3", "tslib": "^2.1.0" }, "peerDependencies": { "@firebase/app": "0.x", "@firebase/app-types": "0.x" } }, "sha512-WRVxl58B61Orwf7st7949ZIW2L4huV80Gpaum1z8v2eH+m2xaxWtC8mOjQyVAOirr6O/yf89cBjlPvoyBpBfTg=="],

    "@firebase/analytics": ["@firebase/analytics@0.10.25", "", { "dependencies": { "@firebase/component": "0.7.5", "@firebase/installations": "0.6.24", "@firebase/logger": "0.5.2", "@firebase/util": "1.15.3", "tslib": "^2.1.0" }, "peerDependencies": { "@firebase/app": "0.x" } }, "sha512-oDagV3PHeNXBdxemksZCdj+GmUT19eCnTOcLdQePIIovFXlm3zWy3Gjeaokt9Nqx24kc4ljK8lU0XGcGmmKZ1A=="],

    "@firebase/analytics-compat": ["@firebase/analytics-compat@0.2.31", "", { "dependencies": { "@firebase/analytics": "0.10.25", "@firebase/analytics-types": "0.8.5", "@firebase/component": "0.7.5", "@firebase/util": "1.15.3", "tslib": "^2.1.0" }, "peerDependencies": { "@firebase/app": "0.x", "@firebase/app-compat": "0.x" } }, "sha512-msTlG9REujk5rjtOHNLngiuPmvaWGQte8ugL4/F6ZCMb+92Ue7SgjSEpNxINkM8ZtTrbGS83j5SZkt0r+M1Tjw=="],

    "@firebase/analytics-types": ["@firebase/analytics-types@0.8.5", "", {}, "sha512-kdnooE7Bis2jEnsqcerRwn/UQpH5D3uvHpku7OdUM9TJN3omlu6iYtbyAQ6XkAJRgJtO0aNf9OOkW8J6D59oCA=="],

    "@firebase/app": ["@firebase/app@0.16.2", "", { "dependencies": { "@firebase/component": "0.7.5", "@firebase/logger": "0.5.2", "@firebase/util": "1.15.3", "idb": "7.1.1", "tslib": "^2.1.0" } }, "sha512-fyCLPahl3r0Zb7Wzm+JLWcOOH3SaDgAyJzJ8EWIDiv51aNiv+2Pjbpa6myEuP7iXxjmJqrcbVm0GUF7h229T1Q=="],

    "@firebase/app-check": ["@firebase/app-check@0.13.1", "", { "dependencies": { "@firebase/component": "0.7.5", "@firebase/logger": "0.5.2", "@firebase/util": "1.15.3", "tslib": "^2.1.0" }, "peerDependencies": { "@firebase/app": "0.x" } }, "sha512-l8y3dmnhodXks/APAwx4tWqRl3tk8b9874KF1FJyKg1DIU+kMD0l52iz7S9/MW+eK8k6cjJg0G0iJ5KQAsQpow=="],

    "@firebase/app-check-compat": ["@firebase/app-check-compat@0.4.7", "", { "dependencies": { "@firebase/app-check": "0.13.1", "@firebase/app-check-types": "0.5.5", "@firebase/component": "0.7.5", "@firebase/logger": "0.5.2", "@firebase/util": "1.15.3", "tslib": "^2.1.0" }, "peerDependencies": { "@firebase/app": "0.x", "@firebase/app-compat": "0.x" } }, "sha512-fBb/xSMyIKv1nDmccfzz3IAGBzx/cQOxmZai66rJzifb1hMMkztf824Xx7LhpTUe7HNUbXwY90IvJ66fi8q6yg=="],

    "@firebase/app-check-interop-types": ["@firebase/app-check-interop-types@0.3.5", "", {}, "sha512-qId34pVZ2CXTmtu4ofW5leiI93DvnOvIcr/5GT7MZPw5WXAi6nZoU+g9cNRgl7K90UJSbK0cXxten4meYMPyZg=="],

    "@firebase/app-check-types": ["@firebase/app-check-types@0.5.5", "", {}, "sha512-+DF4gzFrlwGFyky38o4T/YN/r51l70yCtJ2HTkwmRj8FCMwPjm4hLH4fQbj6BUvzkiFqliBkitFsRpf1/YZkWA=="],

    "@firebase/app-compat": ["@firebase/app-compat@0.5.18", "", { "dependencies": { "@firebase/app": "0.16.2", "@firebase/component": "0.7.5", "@firebase/logger": "0.5.2", "@firebase/util": "1.15.3", "tslib": "^2.1.0" } }, "sha512-77H57WuGEsgrv59HdtuhHG+eQdP8di6myz7O93yW6yTZlR/tLSmsCxCq5vHp6AWWDwSV0EVtKUvizXQiQZVBWA=="],

    "@firebase/app-types": ["@firebase/app-types@0.9.6", "", { "dependencies": { "@firebase/logger": "0.5.2" } }, "sha512-yPLahy7Esfu2w/yme3msVK4xTkDXQqq6szfQn8yVOQpCKiT5GVFjqNpLbuz6NkX0WuTwUidkmPewW3r4xkvpeg=="],

    "@firebase/auth": ["@firebase/auth@1.13.6", "", { "dependencies": { "@firebase/component": "0.7.5", "@firebase/logger": "0.5.2", "@firebase/util": "1.15.3", "tslib": "^2.1.0" }, "peerDependencies": { "@firebase/app": "0.x", "@react-native-async-storage/async-storage": "^2.2.0 || ^3.0.0" }, "optionalPeers": ["@react-native-async-storage/async-storage"] }, "sha512-MKRLvF72HJ/irNn2fJR0Gv5FOZNtqv1IBeJHRwK8l8pZ/wi9vuUw8ecyCMvQDDNxfS6uW0MWACL5KC4Y8Pp+fA=="],

    "@firebase/auth-compat": ["@firebase/auth-compat@0.6.11", "", { "dependencies": { "@firebase/auth": "1.13.6", "@firebase/auth-types": "0.13.2", "@firebase/component": "0.7.5", "@firebase/util": "1.15.3", "tslib": "^2.1.0" }, "peerDependencies": { "@firebase/app": "0.x", "@firebase/app-compat": "0.x" } }, "sha512-L+xp3DTJQrBV08Vt0UhcL/ofUOSjXom7JOJfbT6oas4o7gCrQnTYFKs8wfiuKLmHoo8BxMr5LdgjAs7o6aAsqQ=="],

    "@firebase/auth-interop-types": ["@firebase/auth-interop-types@0.2.6", "", {}, "sha512-FgwZqDrBqgK0BHI70QTv1v/5wmuDF9f8fsJFvKSxoRlK2PPfSQtZAk2jhXu4pe9BZzFi/e4UYusU/bEQHdf6Qg=="],

    "@firebase/auth-types": ["@firebase/auth-types@0.13.2", "", { "peerDependencies": { "@firebase/app-types": "0.x", "@firebase/util": "1.x" } }, "sha512-OU+miuoSxIWYN7GT291d2ylVJBL3k/OePo7/JDSoQtkFQoEiGBc4AHuMjj/seqFIsHrqnjrAfRCk4pfufoJolQ=="],

    "@firebase/component": ["@firebase/component@0.7.5", "", { "dependencies": { "@firebase/util": "1.15.3", "tslib": "^2.1.0" } }, "sha512-vuFDcL91Q+2ZuBJkyOh86T4q0B4ffNTDjc/A38tybO56odQABxRTFLTIowCWqAKeIcgo37GowWMVgFF73gD8Qw=="],

    "@firebase/data-connect": ["@firebase/data-connect@0.7.4", "", { "dependencies": { "@firebase/auth-interop-types": "0.2.6", "@firebase/component": "0.7.5", "@firebase/logger": "0.5.2", "@firebase/util": "1.15.3", "tslib": "^2.1.0" }, "peerDependencies": { "@firebase/app": "0.x" } }, "sha512-su1aGWlzhxb+xtggCUSsufJn1FDa06SBDK71y+fpQ+g2zMhMExik6FUv/odkKzOF/xfWVjabCbWBcjJY3MceDA=="],

    "@firebase/database": ["@firebase/database@1.1.5", "", { "dependencies": { "@firebase/app-check-interop-types": "0.3.5", "@firebase/auth-interop-types": "0.2.6", "@firebase/component": "0.7.5", "@firebase/logger": "0.5.2", "@firebase/util": "1.15.3", "faye-websocket": "0.11.4", "tslib": "^2.1.0" } }, "sha512-/JGpvszLoNXNgzilRXocigGfFF4hbcPA9wN1i1kjJx6oKkXgkHteZYl3lQs1lJX3ETDf6bv7zI15lPMVUp4sAQ=="],

    "@firebase/database-compat": ["@firebase/database-compat@2.1.7", "", { "dependencies": { "@firebase/component": "0.7.5", "@firebase/database": "1.1.5", "@firebase/database-types": "1.0.22", "@firebase/logger": "0.5.2", "@firebase/util": "1.15.3", "tslib": "^2.1.0" }, "peerDependencies": { "@firebase/app": "0.x", "@firebase/app-compat": "0.x" }, "optionalPeers": ["@firebase/app", "@firebase/app-compat"] }, "sha512-lBq9sJm8MnJINKJnkAKSOj2MbC66xGoSVCcGkPtstl+lkoKEBtD46qHLbuDgW/WbLPoKVm17RIN8BxHj+Z2F2w=="],

    "@firebase/database-types": ["@firebase/database-types@1.0.22", "", { "dependencies": { "@firebase/app-types": "0.9.6", "@firebase/util": "1.15.3" } }, "sha512-YAZNXsjY9EQQ+pKw/3ax8n5FgolHC7Qew7EY5RceYdl0R2ZP+kCv1O0DkKlcceue8uQCOreHCNN7PWVFpY1Nug=="],

    "@firebase/firestore": ["@firebase/firestore@4.17.2", "", { "dependencies": { "@firebase/component": "0.7.5", "@firebase/logger": "0.5.2", "@firebase/util": "1.15.3", "@firebase/webchannel-wrapper": "1.0.7", "@grpc/grpc-js": "~1.9.0", "@grpc/proto-loader": "^0.7.8", "re2js": "^2.8.3", "tslib": "^2.1.0" }, "peerDependencies": { "@firebase/app": "0.x" } }, "sha512-SiyQEK1dYPOjItFVA+kZGdvOoRAtMebDBvUaSxJPNZMkKcRwYYK2kzWo5UXTZZj523uMxJnkr+KKVySEMme3kQ=="],

    "@firebase/firestore-compat": ["@firebase/firestore-compat@0.4.14", "", { "dependencies": { "@firebase/component": "0.7.5", "@firebase/firestore": "4.17.2", "@firebase/firestore-types": "3.0.5", "@firebase/util": "1.15.3", "tslib": "^2.1.0" }, "peerDependencies": { "@firebase/app": "0.x", "@firebase/app-compat": "0.x" } }, "sha512-HJ2HBNgNPrRsWIJ4E+Kc0u0h1U7HlF7If8AtYjie9HZXlMUmwYSJaXBj9VFm6gkSj5dlKZNcOQ0Ou25CVVG6rA=="],

    "@firebase/firestore-types": ["@firebase/firestore-types@3.0.5", "", { "peerDependencies": { "@firebase/app-types": "0.x", "@firebase/util": "1.x" } }, "sha512-dbdMAQkMd5dwWc48eupz/Y6/E9ruat3+gY5lhVKscvvT/HnDBEEMzJW38zdKhgdnglZHGk2vUsJMOHAphMHGMA=="],

    "@firebase/functions": ["@firebase/functions@0.14.0", "", { "dependencies": { "@firebase/app-check-interop-types": "0.3.5", "@firebase/auth-interop-types": "0.2.6", "@firebase/component": "0.7.5", "@firebase/messaging-interop-types": "0.2.6", "@firebase/util": "1.15.3", "tslib": "^2.1.0" }, "peerDependencies": { "@firebase/app": "0.x" } }, "sha512-DhuYFr0eMhp+s/PNEk6SiMsYkc00+XVOUeKbrl8MOzQNZI3SKQpqoDR1d+keNDAutwmHRWTUAdXBoVPD+xxVUw=="],

    "@firebase/functions-compat": ["@firebase/functions-compat@0.5.0", "", { "dependencies": { "@firebase/component": "0.7.5", "@firebase/functions": "0.14.0", "@firebase/functions-types": "0.6.5", "@firebase/util": "1.15.3", "tslib": "^2.1.0" }, "peerDependencies": { "@firebase/app": "0.x", "@firebase/app-compat": "0.x" } }, "sha512-T3BDIToESZUHt7438wyKYMkRjKg3m1xAIux5fVpNvTRQlDOFLukWniQWBDhJ2znpU9kxMTR6+e31TVo8P15PZw=="],

    "@firebase/functions-types": ["@firebase/functions-types@0.6.5", "", {}, "sha512-Zc0pURjthHXzSj54ZivCkzKDSV1r/wIpnmHdhq82q2yFFPVoncG/ZJjnVMiANvQfeww/QnElhzODpfwUucVwdA=="],

    "@firebase/installations": ["@firebase/installations@0.6.24", "", { "dependencies": { "@firebase/component": "0.7.5", "@firebase/util": "1.15.3", "idb": "7.1.1", "tslib": "^2.1.0" }, "peerDependencies": { "@firebase/app": "0.x" } }, "sha512-Ui52ey8wHoWqkBbXRKJEKYWylI0JZogZmoLS+o8Anh1bxWtK27ZYjLla1UJAAdC5DCKLJ2qAp0VpJOjg8VOX1g=="],

    "@firebase/installations-compat": ["@firebase/installations-compat@0.2.24", "", { "dependencies": { "@firebase/component": "0.7.5", "@firebase/installations": "0.6.24", "@firebase/installations-types": "0.5.5", "@firebase/util": "1.15.3", "tslib": "^2.1.0" }, "peerDependencies": { "@firebase/app": "0.x", "@firebase/app-compat": "0.x" } }, "sha512-8M5nlcWwYt881x83COP2odq5vgf+NgwJh+RMd4LRSv8JI1pxwDfgrDJOERrjTgfC9J5Z0vnQX4b1pdN914e0Zw=="],

    "@firebase/installations-types": ["@firebase/installations-types@0.5.5", "", { "peerDependencies": { "@firebase/app-types": "0.x" } }, "sha512-e9UYcju3puDl1vdrcKIi5dExzHLameOT/Tc61Q48PYwxtsM1NzZh/ikGbdBQTsbRgg0EMZqdPr0/m5ODUBobrg=="],

    "@firebase/logger": ["@firebase/logger@0.5.2", "", { "dependencies": { "tslib": "^2.1.0" } }, "sha512-J2VO4NFTc0xQFrxV1B/lm5balicm9cwuX2acR9Yn41fN8KgUeQFo+VJV222IqW2FPSXKDu9uo5WdQFWf9TPbYg=="],

    "@firebase/messaging": ["@firebase/messaging@0.13.3", "", { "dependencies": { "@firebase/component": "0.7.5", "@firebase/installations": "0.6.24", "@firebase/messaging-interop-types": "0.2.6", "@firebase/util": "1.15.3", "idb": "7.1.1", "tslib": "^2.1.0" }, "peerDependencies": { "@firebase/app": "0.x" } }, "sha512-nRXPAp+z0kA3KziJtRY9kktHECvRwaaONzHvislFgllhCwJMscW7icWNQA5IjyP8Uc2+GS/4px8Uz6rx6ftTag=="],

    "@firebase/messaging-compat": ["@firebase/messaging-compat@0.2.30", "", { "dependencies": { "@firebase/component": "0.7.5", "@firebase/messaging": "0.13.3", "@firebase/util": "1.15.3", "tslib": "^2.1.0" }, "peerDependencies": { "@firebase/app": "0.x", "@firebase/app-compat": "0.x" } }, "sha512-m1DPT2ET5x0qYqXLoHwKMAyf1mgZZOhuoE6H6/H4OPsp8zSxMIDEFPaW7MaffPJsCA5J7kHzo+BHVNXK4ZoV+w=="],

    "@firebase/messaging-interop-types": ["@firebase/messaging-interop-types@0.2.6", "", {}, "sha512-MVzvkKe2V4H2dHu5oOxRfeKQcfTwWmCgnzsC4V1q3ixun5iiL8riCZ2qI35rDhCL4glPGiu0jHxDbpVNuTKfow=="],

    "@firebase/performance": ["@firebase/performance@0.7.14", "", { "dependencies": { "@firebase/component": "0.7.5", "@firebase/installations": "0.6.24", "@firebase/logger": "0.5.2", "@firebase/util": "1.15.3", "tslib": "^2.1.0", "web-vitals": "^4.2.4" }, "peerDependencies": { "@firebase/app": "0.x" } }, "sha512-9PH1XEZVHErxGdbXluvGz4Uyjw4W955H8v7Mv9rHIybRrg5F2Ac2tvf5+mSf5EtnxWNmxrD2WLnvMFaZP4sMrQ=="],

    "@firebase/performance-compat": ["@firebase/performance-compat@0.2.27", "", { "dependencies": { "@firebase/component": "0.7.5", "@firebase/logger": "0.5.2", "@firebase/performance": "0.7.14", "@firebase/performance-types": "0.2.5", "@firebase/util": "1.15.3", "tslib": "^2.1.0" }, "peerDependencies": { "@firebase/app": "0.x", "@firebase/app-compat": "0.x" } }, "sha512-O/ozTf/EbChN94Pk7bd1eUC0PAC36726AwsaiJyC0bZzSBWfLGSWASGPH5pebUWXQPJtGxIJYRkkbX5l0Qa+Hw=="],

    "@firebase/performance-types": ["@firebase/performance-types@0.2.5", "", {}, "sha512-PRzOgB+/M+6AKlEkY8a9xy5Ff5SfZPIh4iShXhn2WAcL/euSbK7bdLqWysHduunNJhGFsXa22Ag3ixqL6rQtYg=="],

    "@firebase/remote-config": ["@firebase/remote-config@0.9.2", "", { "dependencies": { "@firebase/component": "0.7.5", "@firebase/installations": "0.6.24", "@firebase/logger": "0.5.2", "@firebase/util": "1.15.3", "tslib": "^2.1.0" }, "peerDependencies": { "@firebase/app": "0.x" } }, "sha512-Rii93DkXjM+RE/ytHdYa7EIiQLJbdBr+W8EEiqd/vbLCOC+1FdkDuRiumJBp6t3yewHGbdqbpjB3fk3z0cZ+8g=="],

    "@firebase/remote-config-compat": ["@firebase/remote-config-compat@0.2.29", "", { "dependencies": { "@firebase/component": "0.7.5", "@firebase/logger": "0.5.2", "@firebase/remote-config": "0.9.2", "@firebase/remote-config-types": "0.5.2", "@firebase/util": "1.15.3", "tslib": "^2.1.0" }, "peerDependencies": { "@firebase/app": "0.x", "@firebase/app-compat": "0.x" } }, "sha512-mY7JtTISK6F4g4T0x3kVepr5cp0NXL7f5yjIUXXGaTrg4qUlFBWRbENaHaqZ78dwmNcLm24h/yPsOVRlDXEXhA=="],

    "@firebase/remote-config-types": ["@firebase/remote-config-types@0.5.2", "", {}, "sha512-i8k1omVfoAnaT1ZPv2FFjxMZrATYsO/GnFgHEj5+7fAJLzi8wLnGGv1WK06oEAD6ltrWXSO1HzeNyajn/NjMWw=="],

    "@firebase/rules-unit-testing": ["@firebase/rules-unit-testing@5.0.2", "", { "peerDependencies": { "firebase": "^12.0.0" } }, "sha512-g053AaFcuf4gpAQbwRK/GIIGfPHhpomW3qkIYLi4xnaTUrf65yGP+0TPdojoXfB/ejrfevkXmMs5qXOTSwdN6A=="],

    "@firebase/storage": ["@firebase/storage@0.14.5", "", { "dependencies": { "@firebase/component": "0.7.5", "@firebase/util": "1.15.3", "tslib": "^2.1.0" }, "peerDependencies": { "@firebase/app": "0.x" } }, "sha512-r2tozN/BlEewLi70tJNUQPzWwbex9GM7NgXZsamHKQrjKEfcR0i4jGgHBKAKA4hbwiPE9eNMb3hcxWnDpeJZwg=="],

    "@firebase/storage-compat": ["@firebase/storage-compat@0.4.5", "", { "dependencies": { "@firebase/component": "0.7.5", "@firebase/storage": "0.14.5", "@firebase/storage-types": "0.8.5", "@firebase/util": "1.15.3", "tslib": "^2.1.0" }, "peerDependencies": { "@firebase/app": "0.x", "@firebase/app-compat": "0.x" } }, "sha512-vO0tFPxXbKDKdlTu8tYT08S9t9ezUTJYEdLCULpWxWq2aq6zojwN1QmAB+1a50AI/g47GlWUJn1XPncm/PDZsw=="],

    "@firebase/storage-types": ["@firebase/storage-types@0.8.5", "", { "peerDependencies": { "@firebase/app-types": "0.x", "@firebase/util": "1.x" } }, "sha512-GEDs5P+rNUfNcS+wxIdOLAHficife2YXtvTJnyi3ssrX11AAtBg+nDUdbYh8vuBzWehVQZPmztGUUnud4L+4yg=="],

    "@firebase/util": ["@firebase/util@1.15.3", "", { "dependencies": { "tslib": "^2.1.0" } }, "sha512-c/z/gaIlaaLZEuGbE6sLUuJ61tskg1JghvhcNQzW948ASBinbVBBRnZTC4b4yt4LaEtJQkYlyzqLHcutFwEIvA=="],

    "@firebase/webchannel-wrapper": ["@firebase/webchannel-wrapper@1.0.7", "", {}, "sha512-phBFwieDLvkZGYN9CE9ZFNEIoBVksprzsnCzQejCmCHtgwCXReeuRpoEGN9C4EbhONztv8NRV1tau6Rb9pONwQ=="],

    "@grpc/grpc-js": ["@grpc/grpc-js@1.9.16", "", { "dependencies": { "@grpc/proto-loader": "^0.7.8", "@types/node": ">=12.12.47" } }, "sha512-wE4Ut/olIzfKqp631XrG+wbF0v1vWFN4YL9FyXC2LJiG33DsV7PLzURjrCvY/6je2ntdRkeLpPDluzSRGaVltQ=="],

    "@grpc/proto-loader": ["@grpc/proto-loader@0.7.15", "", { "dependencies": { "lodash.camelcase": "^4.3.0", "long": "^5.0.0", "protobufjs": "^7.2.5", "yargs": "^17.7.2" }, "bin": { "proto-loader-gen-types": "build/bin/proto-loader-gen-types.js" } }, "sha512-tMXdRCfYVixjuFK+Hk0Q1s38gV9zDiDJfWL3h1rv4Qc39oILCu1TRTDt7+fGUI8K4G1Fj125Hx/ru3azECWTyQ=="],

    "@protobufjs/aspromise": ["@protobufjs/aspromise@1.1.2", "", {}, "sha512-j+gKExEuLmKwvz3OgROXtrJ2UG2x8Ch2YZUxahh+s1F2HZ+wAceUNLkvy6zKCPVRkU++ZWQrdxsUeQXmcg4uoQ=="],

    "@protobufjs/base64": ["@protobufjs/base64@1.1.2", "", {}, "sha512-AZkcAA5vnN/v4PDqKyMR5lx7hZttPDgClv83E//FMNhR2TMcLUhfRUBHCmSl0oi9zMgDDqRUJkSxO3wm85+XLg=="],

    "@protobufjs/codegen": ["@protobufjs/codegen@2.0.5", "", {}, "sha512-zgXFLzW3Ap33e6d0Wlj4MGIm6Ce8O89n/apUaGNB/jx+hw+ruWEp7EwGUshdLKVRCxZW12fp9r40E1mQrf/34g=="],

    "@protobufjs/eventemitter": ["@protobufjs/eventemitter@1.1.1", "", {}, "sha512-vW1GmwMZNnL+gMRaovlh9yZX74kc+TTU3FObkkurpMaRtBfLP3ldjS9KQWlwZgraRE0+dheEEoAxdzcJQ8eXZg=="],

    "@protobufjs/fetch": ["@protobufjs/fetch@1.1.1", "", { "dependencies": { "@protobufjs/aspromise": "^1.1.1" } }, "sha512-GpptLrs57adMSuHi3VNj0mAF8dwh36LMaYF6XyJ6JMWlVsc+t42tm1HSEDmOs3A8fC9yyeisgLhsTVQokOZ0zw=="],

    "@protobufjs/float": ["@protobufjs/float@1.0.2", "", {}, "sha512-Ddb+kVXlXst9d+R9PfTIxh1EdNkgoRe5tOX6t01f1lYWOvJnSPDBlG241QLzcyPdoNTsblLUdujGSE4RzrTZGQ=="],

    "@protobufjs/path": ["@protobufjs/path@1.1.2", "", {}, "sha512-6JOcJ5Tm08dOHAbdR3GrvP+yUUfkjG5ePsHYczMFLq3ZmMkAD98cDgcT2iA1lJ9NVwFd4tH/iSSoe44YWkltEA=="],

    "@protobufjs/pool": ["@protobufjs/pool@1.1.0", "", {}, "sha512-0kELaGSIDBKvcgS4zkjz1PeddatrjYcmMWOlAuAPwAeccUrPHdUqo/J6LiymHHEiJT5NrF1UVwxY14f+fy4WQw=="],

    "@protobufjs/utf8": ["@protobufjs/utf8@1.1.2", "", {}, "sha512-b1UQwcEZ4yCnMCD8DAL1VlbvBJE9/IX4FTIp7BG1xYpf29SLazLSrqUkj4w7Y5y7cCVP6E5tcqqcI0xemPkHug=="],

    "@types/node": ["@types/node@26.6.3", "", { "dependencies": { "undici-types": "~8.9.0" } }, "sha512-dsqMQQoeTLqu9wynDD00q573mNzso3IdQOAfHRJqLCcmCFPoGo9A1bDpUcv/9tnKpErQWv9uKeGfl37EIS02Yg=="],

    "ansi-regex": ["ansi-regex@5.0.1", "", {}, "sha512-quJQXlTSUGL2LH9SUXo8VwsY4soanhgo6LNSm84E1LBcE8s3O0wpdiRzyR9z/ZZJMlMWv37qOOb9pdJlMUEKFQ=="],

    "ansi-styles": ["ansi-styles@4.3.0", "", { "dependencies": { "color-convert": "^2.0.1" } }, "sha512-zbB9rCJAT1rbjiVDb2hqKFHNYLxgtk8NURxZ3IZwD3F6NtxbXZQCnnSi1Lkx+IDohdPlFp222wVALIheZJQSEg=="],

    "cliui": ["cliui@8.0.1", "", { "dependencies": { "string-width": "^4.2.0", "strip-ansi": "^6.0.1", "wrap-ansi": "^7.0.0" } }, "sha512-BSeNnyus75C4//NQ9gQt1/csTXyo/8Sb+afLAkzAptFuMsod9HFokGNudZpi/oQV73hnVK+sR+5PVRMd+Dr7YQ=="],

    "color-convert": ["color-convert@2.0.1", "", { "dependencies": { "color-name": "~1.1.4" } }, "sha512-RRECPsj7iu/xb5oKYcsFHSppFNnsj/52OVTRKb4zP5onXwVF3zVmmToNcOfGC+CRDpfK/U584fMg38ZHCaElKQ=="],

    "color-name": ["color-name@1.1.4", "", {}, "sha512-dOy+3AuW3a2wNbZHIuMZpTcgjGuLU/uBL/ubcZF9OXbDo8ff4O8yVp5Bf0efS8uEoYo5q4Fx7dY9OgQGXgAsQA=="],

    "emoji-regex": ["emoji-regex@8.0.0", "", {}, "sha512-MSjYzcWNOA0ewAHpz0MxpYFvwg6yjy1NG3xteoqz644VCo/RPgnr1/GGt+ic3iJTzQ8Eu3TdM14SawnVUmGE6A=="],

    "escalade": ["escalade@3.2.0", "", {}, "sha512-WUj2qlxaQtO4g6Pq5c29GTcWGDyd8itL8zTlipgECz3JesAiiOKotd8JU6otB3PACgG6xkJUyVhboMS+bje/jA=="],

    "faye-websocket": ["faye-websocket@0.11.4", "", { "dependencies": { "websocket-driver": ">=0.5.1" } }, "sha512-CzbClwlXAuiRQAlUyfqPgvPoNKTckTPGfwZV4ZdAhVcP2lh9KUxJg2b5GkE7XbjKQ3YJnQ9z6D9ntLAlB+tP8g=="],

    "firebase": ["firebase@12.19.0", "", { "dependencies": { "@firebase/ai": "2.16.0", "@firebase/analytics": "0.10.25", "@firebase/analytics-compat": "0.2.31", "@firebase/app": "0.16.2", "@firebase/app-check": "0.13.1", "@firebase/app-check-compat": "0.4.7", "@firebase/app-compat": "0.5.18", "@firebase/app-types": "0.9.6", "@firebase/auth": "1.13.6", "@firebase/auth-compat": "0.6.11", "@firebase/data-connect": "0.7.4", "@firebase/database": "1.1.5", "@firebase/database-compat": "2.1.7", "@firebase/firestore": "4.17.2", "@firebase/firestore-compat": "0.4.14", "@firebase/functions": "0.14.0", "@firebase/functions-compat": "0.5.0", "@firebase/installations": "0.6.24", "@firebase/installations-compat": "0.2.24", "@firebase/messaging": "0.13.3", "@firebase/messaging-compat": "0.2.30", "@firebase/performance": "0.7.14", "@firebase/performance-compat": "0.2.27", "@firebase/remote-config": "0.9.2", "@firebase/remote-config-compat": "0.2.29", "@firebase/storage": "0.14.5", "@firebase/storage-compat": "0.4.5", "@firebase/util": "1.15.3" } }, "sha512-kwXCLcI0ly2lkwygkbuRx6SsX3DSO96355YrWh9SWZ5ncsxK/y5cirn3sY6nZVSiBVE++2nL6Hchzu1EB8uohQ=="],

    "get-caller-file": ["get-caller-file@2.0.5", "", {}, "sha512-DyFP3BM/3YHTQOCUL/w0OZHR0lpKeGrxotcHWcqNEdnltqFwXVfhEBQ94eIo34AfQpo0rGki4cyIiftY06h2Fg=="],

    "http-parser-js": ["http-parser-js@0.5.10", "", {}, "sha512-Pysuw9XpUq5dVc/2SMHpuTY01RFl8fttgcyunjL7eEMhGM3cI4eOmiCycJDVCo/7O7ClfQD3SaI6ftDzqOXYMA=="],

    "idb": ["idb@7.1.1", "", {}, "sha512-gchesWBzyvGHRO9W8tzUWFDycow5gwjvFKfyV9FF32Y7F50yZMp7mP+T2mJIWFx49zicqyC4uefHM17o6xKIVQ=="],

    "is-fullwidth-code-point": ["is-fullwidth-code-point@3.0.0", "", {}, "sha512-zymm5+u+sCsSWyD9qNaejV3DFvhCKclKdizYaJUuHA83RLjb7nSuGnddCHGv0hk+KY7BMAlsWeK4Ueg6EV6XQg=="],

    "lodash.camelcase": ["lodash.camelcase@4.3.0", "", {}, "sha512-TwuEnCnxbc3rAvhf/LbG7tJUDzhqXyFnv3dtzLOPgCG/hODL7WFnsbwktkD7yUV0RrreP/l1PALq/YSg6VvjlA=="],

    "long": ["long@5.3.2", "", {}, "sha512-mNAgZ1GmyNhD7AuqnTG3/VQ26o760+ZYBPKjPvugO8+nLbYfX6TVpJPseBvopbdY+qpZ/lKUnmEc1LeZYS3QAA=="],

    "protobufjs": ["protobufjs@7.6.6", "", { "dependencies": { "@protobufjs/aspromise": "^1.1.2", "@protobufjs/base64": "^1.1.2", "@protobufjs/codegen": "^2.0.5", "@protobufjs/eventemitter": "^1.1.1", "@protobufjs/fetch": "^1.1.1", "@protobufjs/float": "^1.0.2", "@protobufjs/path": "^1.1.2", "@protobufjs/pool": "^1.1.0", "@protobufjs/utf8": "^1.1.1", "@types/node": ">=13.7.0", "long": "^5.3.2" } }, "sha512-dYDWdjSl5RNb7SgPxGQcRU+GtvP7s2fpkrY0r432PcOIaZ0/rBcxEZnQN67iJhFuQiVw754JDoPruPCNdGsbjg=="],

    "re2js": ["re2js@2.8.6", "", {}, "sha512-xLgQil4kIUCrAzVk9fRSkxkFNwmygLFjVxXrLc65aE1F0+Zsb8rxumFBy4XKyvgMCTL6kilDq3EZ0piE2dP/Dg=="],

    "require-directory": ["require-directory@2.1.1", "", {}, "sha512-fGxEI7+wsG9xrvdjsrlmL22OMTTiHRwAMroiEeMgq8gzoLC/PQr7RsRDSTLUg/bZAZtF+TVIkHc6/4RIKrui+Q=="],

    "safe-buffer": ["safe-buffer@5.2.1", "", {}, "sha512-rp3So07KcdmmKbGvgaNxQSJr7bGVSVk5S9Eq1F+ppbRo70+YeaDxkw5Dd8NPN+GD6bjnYm2VuPuCXmpuYvmCXQ=="],

    "string-width": ["string-width@4.2.3", "", { "dependencies": { "emoji-regex": "^8.0.0", "is-fullwidth-code-point": "^3.0.0", "strip-ansi": "^6.0.1" } }, "sha512-wKyQRQpjJ0sIp62ErSZdGsjMJWsap5oRNihHhu6G7JVO/9jIB6UyevL+tXuOqrng8j/cxKTWyWUwvSTriiZz/g=="],

    "strip-ansi": ["strip-ansi@6.0.1", "", { "dependencies": { "ansi-regex": "^5.0.1" } }, "sha512-Y38VPSHcqkFrCpFnQ9vuSXmquuv5oXOKpGeT6aGrr3o3Gc9AlVa6JBfUSOCnbxGGZF+/0ooI7KrPuUSztUdU5A=="],

    "tslib": ["tslib@2.8.1", "", {}, "sha512-oJFu94HQb+KVduSUQL7wnpmqnfmLsOA/nAh6b6EH0wCEoK0/mPeXU6c3wKDV83MkOuHPRHtSXKKU99IBazS/2w=="],

    "undici-types": ["undici-types@8.9.0", "", {}, "sha512-KTDyRTYX8sWmKXAikPHHSyc63CRPETMctyjKFupcC6OBLXT3xsN0e9aF7m+mIXutFWpUXuedtowG7iLOzp0kQg=="],

    "web-vitals": ["web-vitals@4.2.4", "", {}, "sha512-r4DIlprAGwJ7YM11VZp4R884m0Vmgr6EAKe3P+kO0PPj3Unqyvv59rczf6UiGcb9Z8QxZVcqKNwv/g0WNdWwsw=="],

    "websocket-driver": ["websocket-driver@0.7.5", "", { "dependencies": { "http-parser-js": ">=0.5.1", "safe-buffer": ">=5.1.0", "websocket-extensions": ">=0.1.1" } }, "sha512-ZL2+3c7kMBdIRCMz6l8jQMHyGVxj+UL+xVk74Ombiciboca8rHa15L86B19E5oh1pL9Ii/uj54gtsIrZGMo6zA=="],

    "websocket-extensions": ["websocket-extensions@0.1.4", "", {}, "sha512-OqedPIGOfsDlo31UNwYbCFMSaO9m9G/0faIHj5/dZFDMFqPTcx6UwqyOy3COEaEOg/9VsGIpdqn62W5KhoKSpg=="],

    "wrap-ansi": ["wrap-ansi@7.0.0", "", { "dependencies": { "ansi-styles": "^4.0.0", "string-width": "^4.1.0", "strip-ansi": "^6.0.0" } }, "sha512-YVGIj2kamLSTxw6NsZjoBxfSwsn0ycdesmc4p+Q21c5zPuZ1pl+NfxVdxPtdHvmNVOQ6XSYG4AUtyt/Fi7D16Q=="],

    "y18n": ["y18n@5.0.8", "", {}, "sha512-0pfFzegeDWJHJIAmTLRP2DwHjdF5s7jo9tuztdQxAhINCdvS+3nGINqPd00AphqJR/0LhANUS6/+7SCb98YOfA=="],

    "yargs": ["yargs@17.7.3", "", { "dependencies": { "cliui": "^8.0.1", "escalade": "^3.1.1", "get-caller-file": "^2.0.5", "require-directory": "^2.1.1", "string-width": "^4.2.3", "y18n": "^5.0.5", "yargs-parser": "^21.1.1" } }, "sha512-GZtjxm/J/4TSxuL3FNYjCmLktBTnIw/rVmKSIyKeYAZpmJB2ig9VauCC5xsa82GNKVKDAqpOn3KVzNt0zmrU0g=="],

    "yargs-parser": ["yargs-parser@21.1.1", "", {}, "sha512-tVpsJW7DdjecAiFpbIB1e3qxIQsE6NoPc5/eTdrbbIC4h0LVsWhnoa3g+m2HclBIujHzsxZ4VJVA+GUuc2/LBw=="],
  }
}
